
Microsoft Visual Studio Solution File, Format Version 12.00
Project("{FAE04EC0-301F-11D3-BF4B-00C04F79EFBC}") = "JobCandidate", "JobCandidate.csproj", "{DA0939CF-D640-406D-A5DC-302166CF44CC}"
EndProject
Global
	GlobalSection(SolutionConfigurationPlatforms) = preSolution
		Debug|Any CPU = Debug|Any CPU
		Release|Any CPU = Release|Any CPU
	EndGlobalSection
	GlobalSection(ProjectConfigurationPlatforms) = postSolution
		{DA0939CF-D640-406D-A5DC-302166CF44CC}.Debug|Any CPU.ActiveCfg = Debug|Any CPU
		{DA0939CF-D640-406D-A5DC-302166CF44CC}.Debug|Any CPU.Build.0 = Debug|Any CPU
		{DA0939CF-D640-406D-A5DC-302166CF44CC}.Release|Any CPU.ActiveCfg = Release|Any CPU
		{DA0939CF-D640-406D-A5DC-302166CF44CC}.Release|Any CPU.Build.0 = Release|Any CPU
	EndGlobalSection
EndGlobal
