
Microsoft Visual Studio Solution File, Format Version 12.00
Project("{FAE04EC0-301F-11D3-BF4B-00C04F79EFBC}") = "LoopCounting", "LoopCounting.csproj", "{AC519F4E-F318-47D8-BEA1-E26255C911EF}"
EndProject
Global
	GlobalSection(SolutionConfigurationPlatforms) = preSolution
		Debug|Any CPU = Debug|Any CPU
		Release|Any CPU = Release|Any CPU
	EndGlobalSection
	GlobalSection(ProjectConfigurationPlatforms) = postSolution
		{AC519F4E-F318-47D8-BEA1-E26255C911EF}.Debug|Any CPU.ActiveCfg = Debug|Any CPU
		{AC519F4E-F318-47D8-BEA1-E26255C911EF}.Debug|Any CPU.Build.0 = Debug|Any CPU
		{AC519F4E-F318-47D8-BEA1-E26255C911EF}.Release|Any CPU.ActiveCfg = Release|Any CPU
		{AC519F4E-F318-47D8-BEA1-E26255C911EF}.Release|Any CPU.Build.0 = Release|Any CPU
	EndGlobalSection
EndGlobal
